
Microsoft Visual Studio Solution File, Format Version 12.00
# Visual Studio 15
VisualStudioVersion = 15.0.26403.0
MinimumVisualStudioVersion = 10.0.40219.1
Project("{9A19103F-16F7-4668-BE54-9A1E7A4F7556}") = "FizzBuzz.Library", "FizzBuzz.Library\FizzBuzz.Library.csproj", "{904EB789-ED80-4478-B7B8-174021AF897A}"
EndProject
Project("{FAE04EC0-301F-11D3-BF4B-00C04F79EFBC}") = "FizzBuzz.Library.Tests", "FizzBuzz.Livrary.Tests\FizzBuzz.Library.Tests.csproj", "{935644F0-6690-498D-B163-921BD002C55D}"
EndProject
Project("{FAE04EC0-301F-11D3-BF4B-00C04F79EFBC}") = "vsunittestingbasics", "vsunittestingbasics\vsunittestingbasics.csproj", "{53166103-4E44-4CDB-BC93-BF29D2FA0C65}"
EndProject
Global
	GlobalSection(SolutionConfigurationPlatforms) = preSolution
		Debug|Any CPU = Debug|Any CPU
		Release|Any CPU = Release|Any CPU
	EndGlobalSection
	GlobalSection(ProjectConfigurationPlatforms) = postSolution
		{904EB789-ED80-4478-B7B8-174021AF897A}.Debug|Any CPU.ActiveCfg = Debug|Any CPU
		{904EB789-ED80-4478-B7B8-174021AF897A}.Debug|Any CPU.Build.0 = Debug|Any CPU
		{904EB789-ED80-4478-B7B8-174021AF897A}.Release|Any CPU.ActiveCfg = Release|Any CPU
		{904EB789-ED80-4478-B7B8-174021AF897A}.Release|Any CPU.Build.0 = Release|Any CPU
		{935644F0-6690-498D-B163-921BD002C55D}.Debug|Any CPU.ActiveCfg = Debug|Any CPU
		{935644F0-6690-498D-B163-921BD002C55D}.Debug|Any CPU.Build.0 = Debug|Any CPU
		{935644F0-6690-498D-B163-921BD002C55D}.Release|Any CPU.ActiveCfg = Release|Any CPU
		{935644F0-6690-498D-B163-921BD002C55D}.Release|Any CPU.Build.0 = Release|Any CPU
		{53166103-4E44-4CDB-BC93-BF29D2FA0C65}.Debug|Any CPU.ActiveCfg = Debug|Any CPU
		{53166103-4E44-4CDB-BC93-BF29D2FA0C65}.Debug|Any CPU.Build.0 = Debug|Any CPU
		{53166103-4E44-4CDB-BC93-BF29D2FA0C65}.Release|Any CPU.ActiveCfg = Release|Any CPU
		{53166103-4E44-4CDB-BC93-BF29D2FA0C65}.Release|Any CPU.Build.0 = Release|Any CPU
	EndGlobalSection
	GlobalSection(SolutionProperties) = preSolution
		HideSolutionNode = FALSE
	EndGlobalSection
	GlobalSection(TeamFoundationVersionControl) = preSolution
		SccNumberOfProjects = 4
		SccEnterpriseProvider = {4CA58AB2-18FA-4F8D-95D4-32DDF27D184C}
		SccTeamFoundationServer = https://shapingways.visualstudio.com/
		SccLocalPath0 = .
		SccProjectUniqueName1 = FizzBuzz.Library\\FizzBuzz.Library.csproj
		SccProjectName1 = FizzBuzz.Library
		SccLocalPath1 = FizzBuzz.Library
		SccProjectUniqueName2 = FizzBuzz.Livrary.Tests\\FizzBuzz.Library.Tests.csproj
		SccProjectName2 = FizzBuzz.Livrary.Tests
		SccLocalPath2 = FizzBuzz.Livrary.Tests
		SccProjectUniqueName3 = vsunittestingbasics\\vsunittestingbasics.csproj
		SccProjectName3 = vsunittestingbasics
		SccLocalPath3 = vsunittestingbasics
	EndGlobalSection
EndGlobal
